
Microsoft Visual Studio Solution File, Format Version 12.00
# Visual Studio Version 17
VisualStudioVersion = 17.1.32210.238
MinimumVisualStudioVersion = 10.0.40219.1
Project("{9A19103F-16F7-4668-BE54-9A1E7A4F7556}") = "BlazorSample", "BlazorSample6\BlazorSample.csproj", "{98FCECF3-0D0E-426C-A6EA-77C8FDC46961}"
EndProject
Global
	GlobalSection(SolutionConfigurationPlatforms) = preSolution
		Debug|Any CPU = Debug|Any CPU
		Release|Any CPU = Release|Any CPU
	EndGlobalSection
	GlobalSection(ProjectConfigurationPlatforms) = postSolution
		{98FCECF3-0D0E-426C-A6EA-77C8FDC46961}.Debug|Any CPU.ActiveCfg = Debug|Any CPU
		{98FCECF3-0D0E-426C-A6EA-77C8FDC46961}.Debug|Any CPU.Build.0 = Debug|Any CPU
		{98FCECF3-0D0E-426C-A6EA-77C8FDC46961}.Release|Any CPU.ActiveCfg = Release|Any CPU
		{98FCECF3-0D0E-426C-A6EA-77C8FDC46961}.Release|Any CPU.Build.0 = Release|Any CPU
	EndGlobalSection
	GlobalSection(SolutionProperties) = preSolution
		HideSolutionNode = FALSE
	EndGlobalSection
	GlobalSection(ExtensibilityGlobals) = postSolution
		SolutionGuid = {60608A79-F820-4B32-AE0C-CAC0F6AD2843}
	EndGlobalSection
EndGlobal
